
Microsoft Visual Studio Solution File, Format Version 12.00
# Visual Studio 15
VisualStudioVersion = 15.0.28307.757
MinimumVisualStudioVersion = 10.0.40219.1
Project("{FAE04EC0-301F-11D3-BF4B-00C04F79EFBC}") = "Codebook", "Codebook\Codebook.csproj", "{02220DBA-79A1-4267-92FB-7621EA3E71F4}"
EndProject
Global
	GlobalSection(SolutionConfigurationPlatforms) = preSolution
		Debug|Any CPU = Debug|Any CPU
		Release|Any CPU = Release|Any CPU
	EndGlobalSection
	GlobalSection(ProjectConfigurationPlatforms) = postSolution
		{02220DBA-79A1-4267-92FB-7621EA3E71F4}.Debug|Any CPU.ActiveCfg = Debug|Any CPU
		{02220DBA-79A1-4267-92FB-7621EA3E71F4}.Debug|Any CPU.Build.0 = Debug|Any CPU
		{02220DBA-79A1-4267-92FB-7621EA3E71F4}.Release|Any CPU.ActiveCfg = Release|Any CPU
		{02220DBA-79A1-4267-92FB-7621EA3E71F4}.Release|Any CPU.Build.0 = Release|Any CPU
	EndGlobalSection
	GlobalSection(SolutionProperties) = preSolution
		HideSolutionNode = FALSE
	EndGlobalSection
	GlobalSection(ExtensibilityGlobals) = postSolution
		SolutionGuid = {04DCB58D-5AEF-4C28-A3BE-688916D2517C}
	EndGlobalSection
EndGlobal
